
Microsoft Visual Studio Solution File, Format Version 12.00
# Visual Studio Version 17
VisualStudioVersion = 17.0.31903.59
MinimumVisualStudioVersion = 10.0.40219.1
Project("{8BC9CEB8-8B4A-11D0-8D11-00A0C91BC942}") = "Korfu", "Korfu.vcxproj", "{0534AD2F-E6B0-4755-8EC0-1177BC0ADE78}"
EndProject
Global
	GlobalSection(SolutionConfigurationPlatforms) = preSolution
		Debug|x64 = Debug|x64
		Debug|x86 = Debug|x86
		Release|x64 = Release|x64
		Release|x86 = Release|x86
	EndGlobalSection
	GlobalSection(ProjectConfigurationPlatforms) = postSolution
		{0534AD2F-E6B0-4755-8EC0-1177BC0ADE78}.Debug|x64.ActiveCfg = Debug|x64
		{0534AD2F-E6B0-4755-8EC0-1177BC0ADE78}.Debug|x86.ActiveCfg = Private (unfinished)|Win32
		{0534AD2F-E6B0-4755-8EC0-1177BC0ADE78}.Release|x64.ActiveCfg = Release|x64
		{0534AD2F-E6B0-4755-8EC0-1177BC0ADE78}.Release|x64.Build.0 = Release|x64
		{0534AD2F-E6B0-4755-8EC0-1177BC0ADE78}.Release|x86.ActiveCfg = Private (unfinished)|Win32
		{0534AD2F-E6B0-4755-8EC0-1177BC0ADE78}.Release|x86.Build.0 = Private (unfinished)|Win32
	EndGlobalSection
	GlobalSection(SolutionProperties) = preSolution
		HideSolutionNode = FALSE
	EndGlobalSection
	GlobalSection(ExtensibilityGlobals) = postSolution
		SolutionGuid = {A4BDCCA8-D769-4DAF-B644-F3CA67F03153}
	EndGlobalSection
EndGlobal
