<?xml version="1.0" encoding="utf-8"?>
<Project ToolsVersion="4.0" xmlns="http://schemas.microsoft.com/developer/msbuild/2003">
  <ItemGroup>
    <Filter Include="Quelldateien">
      <UniqueIdentifier>{4FC737F1-C7A5-4376-A066-2A32D752A2FF}</UniqueIdentifier>
      <Extensions>cpp;c;cc;cxx;c++;cppm;ixx;def;odl;idl;hpj;bat;asm;asmx</Extensions>
    </Filter>
    <Filter Include="Headerdateien">
      <UniqueIdentifier>{93995380-89BD-4b04-88EB-625FBE52EBFB}</UniqueIdentifier>
      <Extensions>h;hh;hpp;hxx;h++;hm;inl;inc;ipp;xsd</Extensions>
    </Filter>
    <Filter Include="lib">
      <UniqueIdentifier>{d3031eb1-b325-46d8-a883-b97ce9404d81}</UniqueIdentifier>
    </Filter>
    <Filter Include="server">
      <UniqueIdentifier>{3735fc0f-d6d8-426d-b951-834f17fe9894}</UniqueIdentifier>
    </Filter>
    <Filter Include="server\api">
      <UniqueIdentifier>{14de5016-7e4f-4948-9a44-c4420a3e015d}</UniqueIdentifier>
    </Filter>
  </ItemGroup>
  <ItemGroup>
    <ClCompile Include="main.cpp">
      <Filter>Quelldateien</Filter>
    </ClCompile>
  </ItemGroup>
  <ItemGroup>
    <None Include="readme.md" />
    <None Include="packages.config" />
    <None Include="LICENSE" />
  </ItemGroup>
  <ItemGroup>
    <ClInclude Include="lib\httplib.h">
      <Filter>lib</Filter>
    </ClInclude>
    <ClInclude Include="lib\json.h">
      <Filter>lib</Filter>
    </ClInclude>
    <ClInclude Include="global.h">
      <Filter>Headerdateien</Filter>
    </ClInclude>
    <ClInclude Include="tools.h">
      <Filter>Headerdateien</Filter>
    </ClInclude>
    <ClInclude Include="server\cloudstorage.h">
      <Filter>server</Filter>
    </ClInclude>
    <ClInclude Include="server\content.h">
      <Filter>server</Filter>
    </ClInclude>
    <ClInclude Include="server\other.h">
      <Filter>server</Filter>
    </ClInclude>
    <ClInclude Include="server\mcp.h">
      <Filter>server</Filter>
    </ClInclude>
    <ClInclude Include="lib\termcolor.h">
      <Filter>lib</Filter>
    </ClInclude>
    <ClInclude Include="server\api\api.h">
      <Filter>server\api</Filter>
    </ClInclude>
    <ClInclude Include="server\api\tokensys.h">
      <Filter>server\api</Filter>
    </ClInclude>
  </ItemGroup>
</Project>